
Microsoft Visual Studio Solution File, Format Version 12.00
# Visual Studio Version 17
VisualStudioVersion = 17.0.31410.414
MinimumVisualStudioVersion = 10.0.40219.1
Project("{6EC3EE1D-3C4E-46DD-8F32-0CC8E7565705}") = "Oly.Compiler", "src\Compiler\Oly.Compiler\Oly.Compiler.fsproj", "{DF428E8E-47FD-4FB9-9D99-ABC261429A44}"
EndProject
Project("{6EC3EE1D-3C4E-46DD-8F32-0CC8E7565705}") = "Oly.Compiler.Tests", "src\Compiler\Oly.Compiler.Tests\Oly.Compiler.Tests.fsproj", "{44BD2D6A-529B-471E-905B-EAC82B234BC3}"
EndProject
Project("{6EC3EE1D-3C4E-46DD-8F32-0CC8E7565705}") = "Oly.Metadata", "src\Metadata\Oly.Metadata\Oly.Metadata.fsproj", "{C41176E2-30E1-49D8-872A-4DFB53211D61}"
EndProject
Project("{6EC3EE1D-3C4E-46DD-8F32-0CC8E7565705}") = "Oly.Runtime.Clr", "src\Runtime\Targets\DotNet\Oly.Emitter.CIL\Oly.Runtime.Clr.fsproj", "{0A761F52-F99A-4772-AEDC-B44B7CF0BCE8}"
EndProject
Project("{6EC3EE1D-3C4E-46DD-8F32-0CC8E7565705}") = "Oly.Runtime.Clr.Tests", "src\Runtime\Targets\DotNet\Oly.Compiler.CIL.Tests\Oly.Runtime.Clr.Tests.fsproj", "{DD5BABEA-0B02-40B9-A745-A3F5DAD2EB1F}"
EndProject
Project("{6EC3EE1D-3C4E-46DD-8F32-0CC8E7565705}") = "Oly.Runtime", "src\Runtime\Oly.Runtime\Oly.Runtime.fsproj", "{8E0A44E2-A254-439F-A9D4-62181D5D0E50}"
EndProject
Project("{6EC3EE1D-3C4E-46DD-8F32-0CC8E7565705}") = "Oly.Runtime.Target.DotNet", "src\Runtime\Targets\DotNet\Oly.Compiler.CIL.Importer\Oly.Runtime.Target.DotNet.fsproj", "{76988776-38EE-467B-84E7-D112213B2F79}"
EndProject
Project("{6EC3EE1D-3C4E-46DD-8F32-0CC8E7565705}") = "Oly.LanguageServer", "src\LanguageServer\Oly.LanguageServer\Oly.LanguageServer.fsproj", "{EC7A94C7-AB52-452C-8236-135D3BB6CDA9}"
EndProject
Project("{6EC3EE1D-3C4E-46DD-8F32-0CC8E7565705}") = "Oly.Compiler.Workspace", "src\Compiler\Oly.Compiler.Workspace\Oly.Compiler.Workspace.fsproj", "{2F96654E-E448-4A6D-A606-BA1072B9A02D}"
EndProject
Project("{2150E333-8FDC-42A3-9474-1A3956D46DE8}") = "DotNet", "DotNet", "{3138A23B-A784-4DFB-A72F-23BDB1E180F6}"
EndProject
Project("{2150E333-8FDC-42A3-9474-1A3956D46DE8}") = "Targets", "Targets", "{B7DB17C7-BCBF-4100-B91D-3BF9BB000F11}"
EndProject
Project("{6EC3EE1D-3C4E-46DD-8F32-0CC8E7565705}") = "Oly.Core", "src\Oly.Core\Oly.Core.fsproj", "{A68053C4-D297-4146-92C8-FE817AF96833}"
EndProject
Project("{6EC3EE1D-3C4E-46DD-8F32-0CC8E7565705}") = "Oly.Compiler.Extensions", "src\Compiler\Oly.Compiler.Extensions\Oly.Compiler.Extensions.fsproj", "{0A63D536-904E-44AA-9C37-D2484A60FD72}"
EndProject
Project("{2150E333-8FDC-42A3-9474-1A3956D46DE8}") = "Interpreter", "Interpreter", "{67EC870A-CC15-4489-9BF8-3A106B6370B4}"
EndProject
Project("{6EC3EE1D-3C4E-46DD-8F32-0CC8E7565705}") = "Oly.Runtime.Interpreter", "src\Runtime\Targets\Interpreter\Oly.Runtime.Interpreter\Oly.Runtime.Interpreter.fsproj", "{E46E81DF-9368-443D-BFD6-B7BFA8AC03EF}"
EndProject
Project("{6EC3EE1D-3C4E-46DD-8F32-0CC8E7565705}") = "Oly.Runtime.Interpreter.Tests", "src\Runtime\Targets\Interpreter\Oly.Runtime.Interpreter.Tests\Oly.Runtime.Interpreter.Tests.fsproj", "{8EF3899B-2E58-446C-8DA6-4EFA29E548AA}"
EndProject
Project("{2150E333-8FDC-42A3-9474-1A3956D46DE8}") = "Compiler", "Compiler", "{F32A998D-A664-47A1-953A-22E1E83A38D7}"
EndProject
Project("{2150E333-8FDC-42A3-9474-1A3956D46DE8}") = "Runtime", "Runtime", "{B8ABB209-DE7B-45C5-BC1A-47F6FA8F3906}"
EndProject
Project("{2150E333-8FDC-42A3-9474-1A3956D46DE8}") = "Metadata", "Metadata", "{C31CDEA9-EC36-476B-8E15-6C6A2F49DF5B}"
EndProject
Project("{6EC3EE1D-3C4E-46DD-8F32-0CC8E7565705}") = "Oly.Compiler.SyntaxGenerator", "src\Compiler\Oly.Compiler.SyntaxGenerator\Oly.Compiler.SyntaxGenerator.fsproj", "{0E7AEFF3-5A72-4621-8320-A0B04B31142C}"
EndProject
Project("{6EC3EE1D-3C4E-46DD-8F32-0CC8E7565705}") = "Oly.Compiler.Syntax", "src\Compiler\Oly.Compiler.Syntax\Oly.Compiler.Syntax.fsproj", "{CCCC7172-6137-4ABB-B5D3-F9980F09061C}"
EndProject
Project("{6EC3EE1D-3C4E-46DD-8F32-0CC8E7565705}") = "Oly.Compiler.Workspace.Tests", "src\Compiler\Oly.Compiler.Workspace.Tests\Oly.Compiler.Workspace.Tests.fsproj", "{DC690434-3CA9-407E-B403-98F2A6156578}"
EndProject
Project("{6EC3EE1D-3C4E-46DD-8F32-0CC8E7565705}") = "Oly.Runtime.Target.Interpreter", "src\Runtime\Targets\Interpreter\Oly.Runtime.Target.Interpreter\Oly.Runtime.Target.Interpreter.fsproj", "{B1976AAF-257E-411B-ADAD-04F5CEF29218}"
EndProject
Project("{2150E333-8FDC-42A3-9474-1A3956D46DE8}") = "LanguageServer", "LanguageServer", "{93E9CA74-784F-4A5B-BB2E-1D1D35355DF2}"
EndProject
Project("{2150E333-8FDC-42A3-9474-1A3956D46DE8}") = "Benchmarks", "Benchmarks", "{6D825971-9E50-4EF3-801B-8705112D1824}"
EndProject
Project("{6EC3EE1D-3C4E-46DD-8F32-0CC8E7565705}") = "Oly.Benchmarks", "src\Benchmarks\Oly.Benchmarks\Oly.Benchmarks.fsproj", "{17D31D02-384C-4342-B1B3-CDFA36727A71}"
EndProject
Project("{6EC3EE1D-3C4E-46DD-8F32-0CC8E7565705}") = "Oly.Runtime.Tests", "src\Runtime\Oly.Runtime.Tests\Oly.Runtime.Tests.fsproj", "{DB621E76-054D-4AD4-8671-7703AF2AE223}"
EndProject
Global
	GlobalSection(SolutionConfigurationPlatforms) = preSolution
		Debug|Any CPU = Debug|Any CPU
		Release|Any CPU = Release|Any CPU
	EndGlobalSection
	GlobalSection(ProjectConfigurationPlatforms) = postSolution
		{DF428E8E-47FD-4FB9-9D99-ABC261429A44}.Debug|Any CPU.ActiveCfg = Debug|Any CPU
		{DF428E8E-47FD-4FB9-9D99-ABC261429A44}.Debug|Any CPU.Build.0 = Debug|Any CPU
		{DF428E8E-47FD-4FB9-9D99-ABC261429A44}.Release|Any CPU.ActiveCfg = Release|Any CPU
		{DF428E8E-47FD-4FB9-9D99-ABC261429A44}.Release|Any CPU.Build.0 = Release|Any CPU
		{44BD2D6A-529B-471E-905B-EAC82B234BC3}.Debug|Any CPU.ActiveCfg = Debug|Any CPU
		{44BD2D6A-529B-471E-905B-EAC82B234BC3}.Debug|Any CPU.Build.0 = Debug|Any CPU
		{44BD2D6A-529B-471E-905B-EAC82B234BC3}.Release|Any CPU.ActiveCfg = Release|Any CPU
		{44BD2D6A-529B-471E-905B-EAC82B234BC3}.Release|Any CPU.Build.0 = Release|Any CPU
		{C41176E2-30E1-49D8-872A-4DFB53211D61}.Debug|Any CPU.ActiveCfg = Debug|Any CPU
		{C41176E2-30E1-49D8-872A-4DFB53211D61}.Debug|Any CPU.Build.0 = Debug|Any CPU
		{C41176E2-30E1-49D8-872A-4DFB53211D61}.Release|Any CPU.ActiveCfg = Release|Any CPU
		{C41176E2-30E1-49D8-872A-4DFB53211D61}.Release|Any CPU.Build.0 = Release|Any CPU
		{0A761F52-F99A-4772-AEDC-B44B7CF0BCE8}.Debug|Any CPU.ActiveCfg = Debug|Any CPU
		{0A761F52-F99A-4772-AEDC-B44B7CF0BCE8}.Debug|Any CPU.Build.0 = Debug|Any CPU
		{0A761F52-F99A-4772-AEDC-B44B7CF0BCE8}.Release|Any CPU.ActiveCfg = Release|Any CPU
		{0A761F52-F99A-4772-AEDC-B44B7CF0BCE8}.Release|Any CPU.Build.0 = Release|Any CPU
		{DD5BABEA-0B02-40B9-A745-A3F5DAD2EB1F}.Debug|Any CPU.ActiveCfg = Debug|Any CPU
		{DD5BABEA-0B02-40B9-A745-A3F5DAD2EB1F}.Debug|Any CPU.Build.0 = Debug|Any CPU
		{DD5BABEA-0B02-40B9-A745-A3F5DAD2EB1F}.Release|Any CPU.ActiveCfg = Release|Any CPU
		{DD5BABEA-0B02-40B9-A745-A3F5DAD2EB1F}.Release|Any CPU.Build.0 = Release|Any CPU
		{8E0A44E2-A254-439F-A9D4-62181D5D0E50}.Debug|Any CPU.ActiveCfg = Debug|Any CPU
		{8E0A44E2-A254-439F-A9D4-62181D5D0E50}.Debug|Any CPU.Build.0 = Debug|Any CPU
		{8E0A44E2-A254-439F-A9D4-62181D5D0E50}.Release|Any CPU.ActiveCfg = Release|Any CPU
		{8E0A44E2-A254-439F-A9D4-62181D5D0E50}.Release|Any CPU.Build.0 = Release|Any CPU
		{76988776-38EE-467B-84E7-D112213B2F79}.Debug|Any CPU.ActiveCfg = Debug|Any CPU
		{76988776-38EE-467B-84E7-D112213B2F79}.Debug|Any CPU.Build.0 = Debug|Any CPU
		{76988776-38EE-467B-84E7-D112213B2F79}.Release|Any CPU.ActiveCfg = Release|Any CPU
		{76988776-38EE-467B-84E7-D112213B2F79}.Release|Any CPU.Build.0 = Release|Any CPU
		{EC7A94C7-AB52-452C-8236-135D3BB6CDA9}.Debug|Any CPU.ActiveCfg = Debug|Any CPU
		{EC7A94C7-AB52-452C-8236-135D3BB6CDA9}.Debug|Any CPU.Build.0 = Debug|Any CPU
		{EC7A94C7-AB52-452C-8236-135D3BB6CDA9}.Release|Any CPU.ActiveCfg = Release|Any CPU
		{EC7A94C7-AB52-452C-8236-135D3BB6CDA9}.Release|Any CPU.Build.0 = Release|Any CPU
		{2F96654E-E448-4A6D-A606-BA1072B9A02D}.Debug|Any CPU.ActiveCfg = Debug|Any CPU
		{2F96654E-E448-4A6D-A606-BA1072B9A02D}.Debug|Any CPU.Build.0 = Debug|Any CPU
		{2F96654E-E448-4A6D-A606-BA1072B9A02D}.Release|Any CPU.ActiveCfg = Release|Any CPU
		{2F96654E-E448-4A6D-A606-BA1072B9A02D}.Release|Any CPU.Build.0 = Release|Any CPU
		{A68053C4-D297-4146-92C8-FE817AF96833}.Debug|Any CPU.ActiveCfg = Debug|Any CPU
		{A68053C4-D297-4146-92C8-FE817AF96833}.Debug|Any CPU.Build.0 = Debug|Any CPU
		{A68053C4-D297-4146-92C8-FE817AF96833}.Release|Any CPU.ActiveCfg = Release|Any CPU
		{A68053C4-D297-4146-92C8-FE817AF96833}.Release|Any CPU.Build.0 = Release|Any CPU
		{0A63D536-904E-44AA-9C37-D2484A60FD72}.Debug|Any CPU.ActiveCfg = Debug|Any CPU
		{0A63D536-904E-44AA-9C37-D2484A60FD72}.Debug|Any CPU.Build.0 = Debug|Any CPU
		{0A63D536-904E-44AA-9C37-D2484A60FD72}.Release|Any CPU.ActiveCfg = Release|Any CPU
		{0A63D536-904E-44AA-9C37-D2484A60FD72}.Release|Any CPU.Build.0 = Release|Any CPU
		{E46E81DF-9368-443D-BFD6-B7BFA8AC03EF}.Debug|Any CPU.ActiveCfg = Debug|Any CPU
		{E46E81DF-9368-443D-BFD6-B7BFA8AC03EF}.Debug|Any CPU.Build.0 = Debug|Any CPU
		{E46E81DF-9368-443D-BFD6-B7BFA8AC03EF}.Release|Any CPU.ActiveCfg = Release|Any CPU
		{E46E81DF-9368-443D-BFD6-B7BFA8AC03EF}.Release|Any CPU.Build.0 = Release|Any CPU
		{8EF3899B-2E58-446C-8DA6-4EFA29E548AA}.Debug|Any CPU.ActiveCfg = Debug|Any CPU
		{8EF3899B-2E58-446C-8DA6-4EFA29E548AA}.Debug|Any CPU.Build.0 = Debug|Any CPU
		{8EF3899B-2E58-446C-8DA6-4EFA29E548AA}.Release|Any CPU.ActiveCfg = Release|Any CPU
		{8EF3899B-2E58-446C-8DA6-4EFA29E548AA}.Release|Any CPU.Build.0 = Release|Any CPU
		{0E7AEFF3-5A72-4621-8320-A0B04B31142C}.Debug|Any CPU.ActiveCfg = Debug|Any CPU
		{0E7AEFF3-5A72-4621-8320-A0B04B31142C}.Debug|Any CPU.Build.0 = Debug|Any CPU
		{0E7AEFF3-5A72-4621-8320-A0B04B31142C}.Release|Any CPU.ActiveCfg = Release|Any CPU
		{0E7AEFF3-5A72-4621-8320-A0B04B31142C}.Release|Any CPU.Build.0 = Release|Any CPU
		{CCCC7172-6137-4ABB-B5D3-F9980F09061C}.Debug|Any CPU.ActiveCfg = Debug|Any CPU
		{CCCC7172-6137-4ABB-B5D3-F9980F09061C}.Debug|Any CPU.Build.0 = Debug|Any CPU
		{CCCC7172-6137-4ABB-B5D3-F9980F09061C}.Release|Any CPU.ActiveCfg = Release|Any CPU
		{CCCC7172-6137-4ABB-B5D3-F9980F09061C}.Release|Any CPU.Build.0 = Release|Any CPU
		{DC690434-3CA9-407E-B403-98F2A6156578}.Debug|Any CPU.ActiveCfg = Debug|Any CPU
		{DC690434-3CA9-407E-B403-98F2A6156578}.Debug|Any CPU.Build.0 = Debug|Any CPU
		{DC690434-3CA9-407E-B403-98F2A6156578}.Release|Any CPU.ActiveCfg = Release|Any CPU
		{DC690434-3CA9-407E-B403-98F2A6156578}.Release|Any CPU.Build.0 = Release|Any CPU
		{B1976AAF-257E-411B-ADAD-04F5CEF29218}.Debug|Any CPU.ActiveCfg = Debug|Any CPU
		{B1976AAF-257E-411B-ADAD-04F5CEF29218}.Debug|Any CPU.Build.0 = Debug|Any CPU
		{B1976AAF-257E-411B-ADAD-04F5CEF29218}.Release|Any CPU.ActiveCfg = Release|Any CPU
		{B1976AAF-257E-411B-ADAD-04F5CEF29218}.Release|Any CPU.Build.0 = Release|Any CPU
		{17D31D02-384C-4342-B1B3-CDFA36727A71}.Debug|Any CPU.ActiveCfg = Debug|Any CPU
		{17D31D02-384C-4342-B1B3-CDFA36727A71}.Debug|Any CPU.Build.0 = Debug|Any CPU
		{17D31D02-384C-4342-B1B3-CDFA36727A71}.Release|Any CPU.ActiveCfg = Release|Any CPU
		{17D31D02-384C-4342-B1B3-CDFA36727A71}.Release|Any CPU.Build.0 = Release|Any CPU
		{DB621E76-054D-4AD4-8671-7703AF2AE223}.Debug|Any CPU.ActiveCfg = Debug|Any CPU
		{DB621E76-054D-4AD4-8671-7703AF2AE223}.Debug|Any CPU.Build.0 = Debug|Any CPU
		{DB621E76-054D-4AD4-8671-7703AF2AE223}.Release|Any CPU.ActiveCfg = Release|Any CPU
		{DB621E76-054D-4AD4-8671-7703AF2AE223}.Release|Any CPU.Build.0 = Release|Any CPU
	EndGlobalSection
	GlobalSection(SolutionProperties) = preSolution
		HideSolutionNode = FALSE
	EndGlobalSection
	GlobalSection(NestedProjects) = preSolution
		{DF428E8E-47FD-4FB9-9D99-ABC261429A44} = {F32A998D-A664-47A1-953A-22E1E83A38D7}
		{44BD2D6A-529B-471E-905B-EAC82B234BC3} = {F32A998D-A664-47A1-953A-22E1E83A38D7}
		{C41176E2-30E1-49D8-872A-4DFB53211D61} = {C31CDEA9-EC36-476B-8E15-6C6A2F49DF5B}
		{0A761F52-F99A-4772-AEDC-B44B7CF0BCE8} = {3138A23B-A784-4DFB-A72F-23BDB1E180F6}
		{DD5BABEA-0B02-40B9-A745-A3F5DAD2EB1F} = {3138A23B-A784-4DFB-A72F-23BDB1E180F6}
		{8E0A44E2-A254-439F-A9D4-62181D5D0E50} = {B8ABB209-DE7B-45C5-BC1A-47F6FA8F3906}
		{76988776-38EE-467B-84E7-D112213B2F79} = {3138A23B-A784-4DFB-A72F-23BDB1E180F6}
		{EC7A94C7-AB52-452C-8236-135D3BB6CDA9} = {93E9CA74-784F-4A5B-BB2E-1D1D35355DF2}
		{2F96654E-E448-4A6D-A606-BA1072B9A02D} = {F32A998D-A664-47A1-953A-22E1E83A38D7}
		{3138A23B-A784-4DFB-A72F-23BDB1E180F6} = {B7DB17C7-BCBF-4100-B91D-3BF9BB000F11}
		{B7DB17C7-BCBF-4100-B91D-3BF9BB000F11} = {B8ABB209-DE7B-45C5-BC1A-47F6FA8F3906}
		{0A63D536-904E-44AA-9C37-D2484A60FD72} = {F32A998D-A664-47A1-953A-22E1E83A38D7}
		{67EC870A-CC15-4489-9BF8-3A106B6370B4} = {B7DB17C7-BCBF-4100-B91D-3BF9BB000F11}
		{E46E81DF-9368-443D-BFD6-B7BFA8AC03EF} = {67EC870A-CC15-4489-9BF8-3A106B6370B4}
		{8EF3899B-2E58-446C-8DA6-4EFA29E548AA} = {67EC870A-CC15-4489-9BF8-3A106B6370B4}
		{0E7AEFF3-5A72-4621-8320-A0B04B31142C} = {F32A998D-A664-47A1-953A-22E1E83A38D7}
		{CCCC7172-6137-4ABB-B5D3-F9980F09061C} = {F32A998D-A664-47A1-953A-22E1E83A38D7}
		{DC690434-3CA9-407E-B403-98F2A6156578} = {F32A998D-A664-47A1-953A-22E1E83A38D7}
		{B1976AAF-257E-411B-ADAD-04F5CEF29218} = {67EC870A-CC15-4489-9BF8-3A106B6370B4}
		{17D31D02-384C-4342-B1B3-CDFA36727A71} = {6D825971-9E50-4EF3-801B-8705112D1824}
		{DB621E76-054D-4AD4-8671-7703AF2AE223} = {B8ABB209-DE7B-45C5-BC1A-47F6FA8F3906}
	EndGlobalSection
	GlobalSection(ExtensibilityGlobals) = postSolution
		SolutionGuid = {7F633C8C-B945-4698-820E-EF9D9DDA1514}
	EndGlobalSection
EndGlobal
