lockfileVersion: '9.0'

settings:
  autoInstallPeers: true
  excludeLinksFromLockfile: false

importers:

  .:
    dependencies:
      typescript:
        specifier: ^4.9.4
        version: 4.9.5
      vscode-languageclient:
        specifier: ^7.0.0
        version: 7.0.0
    devDependencies:
      '@types/node':
        specifier: ^18.11.18
        version: 18.19.130
      '@types/vscode':
        specifier: 1.64.0
        version: 1.64.0

packages:

  '@types/node@18.19.130':
    resolution: {integrity: sha512-GRaXQx6jGfL8sKfaIDD6OupbIHBr9jv7Jnaml9tB7l4v068PAOXqfcujMMo5PhbIs6ggR1XODELqahT2R8v0fg==}

  '@types/vscode@1.64.0':
    resolution: {integrity: sha512-bSlAWz5WtcSL3cO9tAT/KpEH9rv5OBnm93OIIFwdCshaAiqr2bp1AUyEwW9MWeCvZBHEXc3V0fTYVdVyzDNwHA==}

  balanced-match@1.0.2:
    resolution: {integrity: sha512-3oSeUO0TMV67hN1AmbXsK4yaqU7tjiHlbxRDZOpH0KW9+CeX4bRAaX0Anxt0tx2MrpRpWwQaPwIlISEJhYU5Pw==}

  brace-expansion@1.1.13:
    resolution: {integrity: sha512-9ZLprWS6EENmhEOpjCYW2c8VkmOvckIJZfkr7rBW6dObmfgJ/L1GpSYW5Hpo9lDz4D1+n0Ckz8rU7FwHDQiG/w==}

  concat-map@0.0.1:
    resolution: {integrity: sha512-/Srv4dswyQNBfohGpz9o6Yb3Gz3SrUDqBH5rTuhGR7ahtlbYKnVxw2bCFMRljaA7EXHaXZ8wsHdodFvbkhKmqg==}

  minimatch@3.1.5:
    resolution: {integrity: sha512-VgjWUsnnT6n+NUk6eZq77zeFdpW2LWDzP6zFGrCbHXiYNul5Dzqk2HHQ5uFH2DNW5Xbp8+jVzaeNt94ssEEl4w==}

  semver@7.7.4:
    resolution: {integrity: sha512-vFKC2IEtQnVhpT78h1Yp8wzwrf8CM+MzKMHGJZfBtzhZNycRFnXsHk6E5TxIkkMsgNS7mdX3AGB7x2QM2di4lA==}
    engines: {node: '>=10'}
    hasBin: true

  typescript@4.9.5:
    resolution: {integrity: sha512-1FXk9E2Hm+QzZQ7z+McJiHL4NW1F2EzMu9Nq9i3zAaGqibafqYwCVU6WyWAuyQRRzOlxou8xZSyXLEN8oKj24g==}
    engines: {node: '>=4.2.0'}
    hasBin: true

  undici-types@5.26.5:
    resolution: {integrity: sha512-JlCMO+ehdEIKqlFxk6IfVoAUVmgz7cU7zD/h9XZ0qzeosSHmUJVOzSQvvYSYWXkFXC+IfLKSIffhv0sVZup6pA==}

  vscode-jsonrpc@6.0.0:
    resolution: {integrity: sha512-wnJA4BnEjOSyFMvjZdpiOwhSq9uDoK8e/kpRJDTaMYzwlkrhG1fwDIZI94CLsLzlCK5cIbMMtFlJlfR57Lavmg==}
    engines: {node: '>=8.0.0 || >=10.0.0'}

  vscode-languageclient@7.0.0:
    resolution: {integrity: sha512-P9AXdAPlsCgslpP9pRxYPqkNYV7Xq8300/aZDpO35j1fJm/ncize8iGswzYlcvFw5DQUx4eVk+KvfXdL0rehNg==}
    engines: {vscode: ^1.52.0}

  vscode-languageserver-protocol@3.16.0:
    resolution: {integrity: sha512-sdeUoAawceQdgIfTI+sdcwkiK2KU+2cbEYA0agzM2uqaUy2UpnnGHtWTHVEtS0ES4zHU0eMFRGN+oQgDxlD66A==}

  vscode-languageserver-types@3.16.0:
    resolution: {integrity: sha512-k8luDIWJWyenLc5ToFQQMaSrqCHiLwyKPHKPQZ5zz21vM+vIVUSvsRpcbiECH4WR88K2XZqc4ScRcZ7nk/jbeA==}

snapshots:

  '@types/node@18.19.130':
    dependencies:
      undici-types: 5.26.5

  '@types/vscode@1.64.0': {}

  balanced-match@1.0.2: {}

  brace-expansion@1.1.13:
    dependencies:
      balanced-match: 1.0.2
      concat-map: 0.0.1

  concat-map@0.0.1: {}

  minimatch@3.1.5:
    dependencies:
      brace-expansion: 1.1.13

  semver@7.7.4: {}

  typescript@4.9.5: {}

  undici-types@5.26.5: {}

  vscode-jsonrpc@6.0.0: {}

  vscode-languageclient@7.0.0:
    dependencies:
      minimatch: 3.1.5
      semver: 7.7.4
      vscode-languageserver-protocol: 3.16.0

  vscode-languageserver-protocol@3.16.0:
    dependencies:
      vscode-jsonrpc: 6.0.0
      vscode-languageserver-types: 3.16.0

  vscode-languageserver-types@3.16.0: {}
